
Microsoft Visual Studio Solution File, Format Version 12.00
# Visual Studio Version 16
VisualStudioVersion = 16.0.30330.147
MinimumVisualStudioVersion = 10.0.40219.1
Project("{FAE04EC0-301F-11D3-BF4B-00C04F79EFBC}") = "DiscreteMathProject", "DiscreteMathProject\DiscreteMathProject.csproj", "{E993A459-B3E3-48BE-8BA5-B1FC16A495D4}"
EndProject
Global
	GlobalSection(SolutionConfigurationPlatforms) = preSolution
		Debug|Any CPU = Debug|Any CPU
		Release|Any CPU = Release|Any CPU
	EndGlobalSection
	GlobalSection(ProjectConfigurationPlatforms) = postSolution
		{E993A459-B3E3-48BE-8BA5-B1FC16A495D4}.Debug|Any CPU.ActiveCfg = Debug|Any CPU
		{E993A459-B3E3-48BE-8BA5-B1FC16A495D4}.Debug|Any CPU.Build.0 = Debug|Any CPU
		{E993A459-B3E3-48BE-8BA5-B1FC16A495D4}.Release|Any CPU.ActiveCfg = Release|Any CPU
		{E993A459-B3E3-48BE-8BA5-B1FC16A495D4}.Release|Any CPU.Build.0 = Release|Any CPU
	EndGlobalSection
	GlobalSection(SolutionProperties) = preSolution
		HideSolutionNode = FALSE
	EndGlobalSection
	GlobalSection(ExtensibilityGlobals) = postSolution
		SolutionGuid = {05A5DD49-F2A6-4CCD-BC5D-D7133D8B59DF}
	EndGlobalSection
EndGlobal
